
Microsoft Visual Studio Solution File, Format Version 12.00
# Visual Studio Version 16
VisualStudioVersion = 16.0.31702.278
MinimumVisualStudioVersion = 10.0.40219.1
Project("{FAE04EC0-301F-11D3-BF4B-00C04F79EFBC}") = "ConsoleApp8", "ConsoleApp8\ConsoleApp8.csproj", "{306091A0-F5D6-4C24-8081-7C367BB52B0E}"
EndProject
Global
	GlobalSection(SolutionConfigurationPlatforms) = preSolution
		Debug|Any CPU = Debug|Any CPU
		Release|Any CPU = Release|Any CPU
	EndGlobalSection
	GlobalSection(ProjectConfigurationPlatforms) = postSolution
		{306091A0-F5D6-4C24-8081-7C367BB52B0E}.Debug|Any CPU.ActiveCfg = Debug|Any CPU
		{306091A0-F5D6-4C24-8081-7C367BB52B0E}.Debug|Any CPU.Build.0 = Debug|Any CPU
		{306091A0-F5D6-4C24-8081-7C367BB52B0E}.Release|Any CPU.ActiveCfg = Release|Any CPU
		{306091A0-F5D6-4C24-8081-7C367BB52B0E}.Release|Any CPU.Build.0 = Release|Any CPU
	EndGlobalSection
	GlobalSection(SolutionProperties) = preSolution
		HideSolutionNode = FALSE
	EndGlobalSection
	GlobalSection(ExtensibilityGlobals) = postSolution
		SolutionGuid = {0C65052C-01F6-4474-9306-A2A3C6E4A344}
	EndGlobalSection
EndGlobal
